// !$*UTF8*$!
{
	archiveVersion = 1;
	classes = {
	};
	objectVersion = 56;
	objects = {

/* Begin PBXBuildFile section */
		1A2B3C4D5E6F7890 /* CryBabyApp.swift in Sources */ = {isa = PBXBuildFile; fileRef = 1A2B3C4D5E6F7891 /* CryBabyApp.swift */; };
		1A2B3C4D5E6F7892 /* ContentView.swift in Sources */ = {isa = PBXBuildFile; fileRef = 1A2B3C4D5E6F7893 /* ContentView.swift */; };
		1A2B3C4D5E6F7894 /* CryAnalysisView.swift in Sources */ = {isa = PBXBuildFile; fileRef = 1A2B3C4D5E6F7895 /* CryAnalysisView.swift */; };
		1A2B3C4D5E6F7896 /* ActivityInputView.swift in Sources */ = {isa = PBXBuildFile; fileRef = 1A2B3C4D5E6F7897 /* ActivityInputView.swift */; };
		1A2B3C4D5E6F7898 /* AIAdviceView.swift in Sources */ = {isa = PBXBuildFile; fileRef = 1A2B3C4D5E6F7899 /* AIAdviceView.swift */; };
		1A2B3C4D5E6F789A /* FeedbackView.swift in Sources */ = {isa = PBXBuildFile; fileRef = 1A2B3C4D5E6F789B /* FeedbackView.swift */; };
		1A2B3C4D5E6F789C /* SettingsView.swift in Sources */ = {isa = PBXBuildFile; fileRef = 1A2B3C4D5E6F789D /* SettingsView.swift */; };
		1A2B3C4D5E6F789E /* CryAnalysisModels.swift in Sources */ = {isa = PBXBuildFile; fileRef = 1A2B3C4D5E6F789F /* CryAnalysisModels.swift */; };
		1A2B3C4D5E6F78A0 /* ActivityModels.swift in Sources */ = {isa = PBXBuildFile; fileRef = 1A2B3C4D5E6F78A1 /* ActivityModels.swift */; };
		1A2B3C4D5E6F78A2 /* AudioRecorder.swift in Sources */ = {isa = PBXBuildFile; fileRef = 1A2B3C4D5E6F78A3 /* AudioRecorder.swift */; };
		1A2B3C4D5E6F78A4 /* CryAnalyzer.swift in Sources */ = {isa = PBXBuildFile; fileRef = 1A2B3C4D5E6F78A5 /* CryAnalyzer.swift */; };
		1A2B3C4D5E6F78A6 /* ActivityManager.swift in Sources */ = {isa = PBXBuildFile; fileRef = 1A2B3C4D5E6F78A7 /* ActivityManager.swift */; };
		1A2B3C4D5E6F78AA /* Assets.xcassets in Resources */ = {isa = PBXBuildFile; fileRef = 1A2B3C4D5E6F78AB /* Assets.xcassets */; };
		302B96BF2EA7301A00D3A29C /* AIAdviceService.swift in Sources */ = {isa = PBXBuildFile; fileRef = 302B96BE2EA7301A00D3A29C /* AIAdviceService.swift */; };
/* End PBXBuildFile section */

/* Begin PBXFileReference section */
		1A2B3C4D5E6F7891 /* CryBabyApp.swift */ = {isa = PBXFileReference; lastKnownFileType = sourcecode.swift; path = CryBabyApp.swift; sourceTree = "<group>"; };
		1A2B3C4D5E6F7893 /* ContentView.swift */ = {isa = PBXFileReference; lastKnownFileType = sourcecode.swift; path = ContentView.swift; sourceTree = "<group>"; };
		1A2B3C4D5E6F7895 /* CryAnalysisView.swift */ = {isa = PBXFileReference; lastKnownFileType = sourcecode.swift; path = CryAnalysisView.swift; sourceTree = "<group>"; };
		1A2B3C4D5E6F7897 /* ActivityInputView.swift */ = {isa = PBXFileReference; lastKnownFileType = sourcecode.swift; path = ActivityInputView.swift; sourceTree = "<group>"; };
		1A2B3C4D5E6F7899 /* AIAdviceView.swift */ = {isa = PBXFileReference; lastKnownFileType = sourcecode.swift; path = AIAdviceView.swift; sourceTree = "<group>"; };
		1A2B3C4D5E6F789B /* FeedbackView.swift */ = {isa = PBXFileReference; lastKnownFileType = sourcecode.swift; path = FeedbackView.swift; sourceTree = "<group>"; };
		1A2B3C4D5E6F789D /* SettingsView.swift */ = {isa = PBXFileReference; lastKnownFileType = sourcecode.swift; path = SettingsView.swift; sourceTree = "<group>"; };
		1A2B3C4D5E6F789F /* CryAnalysisModels.swift */ = {isa = PBXFileReference; lastKnownFileType = sourcecode.swift; path = CryAnalysisModels.swift; sourceTree = "<group>"; };
		1A2B3C4D5E6F78A1 /* ActivityModels.swift */ = {isa = PBXFileReference; lastKnownFileType = sourcecode.swift; path = ActivityModels.swift; sourceTree = "<group>"; };
		1A2B3C4D5E6F78A3 /* AudioRecorder.swift */ = {isa = PBXFileReference; lastKnownFileType = sourcecode.swift; path = AudioRecorder.swift; sourceTree = "<group>"; };
		1A2B3C4D5E6F78A5 /* CryAnalyzer.swift */ = {isa = PBXFileReference; lastKnownFileType = sourcecode.swift; path = CryAnalyzer.swift; sourceTree = "<group>"; };
		1A2B3C4D5E6F78A7 /* ActivityManager.swift */ = {isa = PBXFileReference; lastKnownFileType = sourcecode.swift; path = ActivityManager.swift; sourceTree = "<group>"; };
		1A2B3C4D5E6F78AB /* Assets.xcassets */ = {isa = PBXFileReference; lastKnownFileType = folder.assetcatalog; path = Assets.xcassets; sourceTree = "<group>"; };
		1A2B3C4D5E6F78AE /* CryBaby.app */ = {isa = PBXFileReference; explicitFileType = wrapper.application; includeInIndex = 0; path = CryBaby.app; sourceTree = BUILT_PRODUCTS_DIR; };
		302B96BE2EA7301A00D3A29C /* AIAdviceService.swift */ = {isa = PBXFileReference; lastKnownFileType = sourcecode.swift; path = AIAdviceService.swift; sourceTree = "<group>"; };
/* End PBXFileReference section */

/* Begin PBXFrameworksBuildPhase section */
		1A2B3C4D5E6F78AF /* Frameworks */ = {
			isa = PBXFrameworksBuildPhase;
			buildActionMask = 2147483647;
			files = (
			);
			runOnlyForDeploymentPostprocessing = 0;
		};
/* End PBXFrameworksBuildPhase section */

/* Begin PBXGroup section */
		1A2B3C4D5E6F78B0 = {
			isa = PBXGroup;
			children = (
				1A2B3C4D5E6F78B1 /* CryBaby */,
				1A2B3C4D5E6F78B2 /* Products */,
			);
			sourceTree = "<group>";
		};
		1A2B3C4D5E6F78B1 /* CryBaby */ = {
			isa = PBXGroup;
			children = (
				1A2B3C4D5E6F7891 /* CryBabyApp.swift */,
				1A2B3C4D5E6F7893 /* ContentView.swift */,
				1A2B3C4D5E6F78B3 /* Views */,
				1A2B3C4D5E6F78B4 /* Models */,
				1A2B3C4D5E6F78B5 /* Services */,
				1A2B3C4D5E6F78AB /* Assets.xcassets */,
			);
			path = CryBaby;
			sourceTree = "<group>";
		};
		1A2B3C4D5E6F78B2 /* Products */ = {
			isa = PBXGroup;
			children = (
				1A2B3C4D5E6F78AE /* CryBaby.app */,
			);
			name = Products;
			sourceTree = "<group>";
		};
		1A2B3C4D5E6F78B3 /* Views */ = {
			isa = PBXGroup;
			children = (
				1A2B3C4D5E6F7895 /* CryAnalysisView.swift */,
				1A2B3C4D5E6F7897 /* ActivityInputView.swift */,
				1A2B3C4D5E6F7899 /* AIAdviceView.swift */,
				1A2B3C4D5E6F789B /* FeedbackView.swift */,
				1A2B3C4D5E6F789D /* SettingsView.swift */,
			);
			path = Views;
			sourceTree = "<group>";
		};
		1A2B3C4D5E6F78B4 /* Models */ = {
			isa = PBXGroup;
			children = (
				1A2B3C4D5E6F789F /* CryAnalysisModels.swift */,
				1A2B3C4D5E6F78A1 /* ActivityModels.swift */,
			);
			path = Models;
			sourceTree = "<group>";
		};
		1A2B3C4D5E6F78B5 /* Services */ = {
			isa = PBXGroup;
			children = (
				1A2B3C4D5E6F78A3 /* AudioRecorder.swift */,
				1A2B3C4D5E6F78A5 /* CryAnalyzer.swift */,
				1A2B3C4D5E6F78A7 /* ActivityManager.swift */,
				302B96BE2EA7301A00D3A29C /* AIAdviceService.swift */,
			);
			path = Services;
			sourceTree = "<group>";
		};
/* End PBXGroup section */

/* Begin PBXNativeTarget section */
		1A2B3C4D5E6F78B7 /* CryBaby */ = {
			isa = PBXNativeTarget;
			buildConfigurationList = 1A2B3C4D5E6F78B8 /* Build configuration list for PBXNativeTarget "CryBaby" */;
			buildPhases = (
				1A2B3C4D5E6F78B9 /* Sources */,
				1A2B3C4D5E6F78AF /* Frameworks */,
				1A2B3C4D5E6F78BA /* Resources */,
			);
			buildRules = (
			);
			dependencies = (
			);
			name = CryBaby;
			productName = CryBaby;
			productReference = 1A2B3C4D5E6F78AE /* CryBaby.app */;
			productType = "com.apple.product-type.application";
		};
/* End PBXNativeTarget section */

/* Begin PBXProject section */
		1A2B3C4D5E6F78BB /* Project object */ = {
			isa = PBXProject;
			attributes = {
				BuildIndependentTargetsInParallel = YES;
				LastSwiftUpdateCheck = 1500;
				LastUpgradeCheck = 2600;
			};
			buildConfigurationList = 1A2B3C4D5E6F78BC /* Build configuration list for PBXProject "CryBaby" */;
			compatibilityVersion = "Xcode 14.0";
			developmentRegion = en;
			hasScannedForEncodings = 0;
			knownRegions = (
				en,
				Base,
			);
			mainGroup = 1A2B3C4D5E6F78B0;
			productRefGroup = 1A2B3C4D5E6F78B2 /* Products */;
			projectDirPath = "";
			projectRoot = "";
			targets = (
				1A2B3C4D5E6F78B7 /* CryBaby */,
			);
		};
/* End PBXProject section */

/* Begin PBXResourcesBuildPhase section */
		1A2B3C4D5E6F78BA /* Resources */ = {
			isa = PBXResourcesBuildPhase;
			buildActionMask = 2147483647;
			files = (
				1A2B3C4D5E6F78AA /* Assets.xcassets in Resources */,
			);
			runOnlyForDeploymentPostprocessing = 0;
		};
/* End PBXResourcesBuildPhase section */

/* Begin PBXSourcesBuildPhase section */
		1A2B3C4D5E6F78B9 /* Sources */ = {
			isa = PBXSourcesBuildPhase;
			buildActionMask = 2147483647;
			files = (
				1A2B3C4D5E6F7892 /* ContentView.swift in Sources */,
				1A2B3C4D5E6F7894 /* CryAnalysisView.swift in Sources */,
				1A2B3C4D5E6F7896 /* ActivityInputView.swift in Sources */,
				302B96BF2EA7301A00D3A29C /* AIAdviceService.swift in Sources */,
				1A2B3C4D5E6F7898 /* AIAdviceView.swift in Sources */,
				1A2B3C4D5E6F789A /* FeedbackView.swift in Sources */,
				1A2B3C4D5E6F789C /* SettingsView.swift in Sources */,
				1A2B3C4D5E6F789E /* CryAnalysisModels.swift in Sources */,
				1A2B3C4D5E6F78A0 /* ActivityModels.swift in Sources */,
				1A2B3C4D5E6F78A2 /* AudioRecorder.swift in Sources */,
				1A2B3C4D5E6F78A4 /* CryAnalyzer.swift in Sources */,
				1A2B3C4D5E6F78A6 /* ActivityManager.swift in Sources */,
				1A2B3C4D5E6F7890 /* CryBabyApp.swift in Sources */,
			);
			runOnlyForDeploymentPostprocessing = 0;
		};
/* End PBXSourcesBuildPhase section */

/* Begin XCBuildConfiguration section */
		1A2B3C4D5E6F78BD /* Debug */ = {
			isa = XCBuildConfiguration;
			buildSettings = {
				ALWAYS_SEARCH_USER_PATHS = NO;
				ASSETCATALOG_COMPILER_GENERATE_SWIFT_ASSET_SYMBOL_EXTENSIONS = YES;
				CLANG_ANALYZER_NONNULL = YES;
				CLANG_ANALYZER_NUMBER_OBJECT_CONVERSION = YES_AGGRESSIVE;
				CLANG_CXX_LANGUAGE_STANDARD = "gnu++20";
				CLANG_ENABLE_MODULES = YES;
				CLANG_ENABLE_OBJC_ARC = YES;
				CLANG_WARN_BLOCK_CAPTURE_AUTORELEASING = YES;
				CLANG_WARN_BOOL_CONVERSION = YES;
				CLANG_WARN_COMMA = YES;
				CLANG_WARN_CONSTANT_CONVERSION = YES;
				CLANG_WARN_DEPRECATED_OBJC_IMPLEMENTATIONS = YES;
				CLANG_WARN_DIRECT_OBJC_ISA_USAGE = YES_ERROR;
				CLANG_WARN_DOCUMENTATION_COMMENTS = YES;
				CLANG_WARN_EMPTY_BODY = YES;
				CLANG_WARN_ENUM_CONVERSION = YES;
				CLANG_WARN_INFINITE_RECURSION = YES;
				CLANG_WARN_INT_CONVERSION = YES;
				CLANG_WARN_NON_LITERAL_NULL_CONVERSION = YES;
				CLANG_WARN_OBJC_IMPLICIT_RETAIN_SELF = YES;
				CLANG_WARN_OBJC_LITERAL_CONVERSION = YES;
				CLANG_WARN_OBJC_ROOT_CLASS = YES_ERROR;
				CLANG_WARN_QUOTED_INCLUDE_IN_FRAMEWORK_HEADER = YES;
				CLANG_WARN_RANGE_LOOP_ANALYSIS = YES;
				CLANG_WARN_STRICT_PROTOTYPES = YES;
				CLANG_WARN_SUSPICIOUS_MOVE = YES;
				CLANG_WARN_UNGUARDED_AVAILABILITY = YES_AGGRESSIVE;
				CLANG_WARN_UNREACHABLE_CODE = YES;
				CLANG_WARN__DUPLICATE_METHOD_MATCH = YES;
				COPY_PHASE_STRIP = NO;
				DEBUG_INFORMATION_FORMAT = dwarf;
				ENABLE_STRICT_OBJC_MSGSEND = YES;
				ENABLE_TESTABILITY = YES;
				ENABLE_USER_SCRIPT_SANDBOXING = YES;
				GCC_C_LANGUAGE_STANDARD = gnu17;
				GCC_DYNAMIC_NO_PIC = NO;
				GCC_NO_COMMON_BLOCKS = YES;
				GCC_OPTIMIZATION_LEVEL = 0;
				GCC_PREPROCESSOR_DEFINITIONS = (
					"DEBUG=1",
					"$(inherited)",
				);
				GCC_WARN_64_TO_32_BIT_CONVERSION = YES;
				GCC_WARN_ABOUT_RETURN_TYPE = YES_ERROR;
				GCC_WARN_UNDECLARED_SELECTOR = YES;
				GCC_WARN_UNINITIALIZED_AUTOS = YES_AGGRESSIVE;
				GCC_WARN_UNUSED_FUNCTION = YES;
				GCC_WARN_UNUSED_VARIABLE = YES;
				IPHONEOS_DEPLOYMENT_TARGET = 15.0;
				LOCALIZATION_PREFERS_STRING_CATALOGS = YES;
				MTL_ENABLE_DEBUG_INFO = INCLUDE_SOURCE;
				MTL_FAST_MATH = YES;
				ONLY_ACTIVE_ARCH = YES;
				SDKROOT = iphoneos;
				STRING_CATALOG_GENERATE_SYMBOLS = YES;
				SWIFT_ACTIVE_COMPILATION_CONDITIONS = DEBUG;
				SWIFT_OPTIMIZATION_LEVEL = "-Onone";
			};
			name = Debug;
		};
		1A2B3C4D5E6F78BE /* Release */ = {
			isa = XCBuildConfiguration;
			buildSettings = {
				ALWAYS_SEARCH_USER_PATHS = NO;
				ASSETCATALOG_COMPILER_GENERATE_SWIFT_ASSET_SYMBOL_EXTENSIONS = YES;
				CLANG_ANALYZER_NONNULL = YES;
				CLANG_ANALYZER_NUMBER_OBJECT_CONVERSION = YES_AGGRESSIVE;
				CLANG_CXX_LANGUAGE_STANDARD = "gnu++20";
				CLANG_ENABLE_MODULES = YES;
				CLANG_ENABLE_OBJC_ARC = YES;
				CLANG_WARN_BLOCK_CAPTURE_AUTORELEASING = YES;
				CLANG_WARN_BOOL_CONVERSION = YES;
				CLANG_WARN_COMMA = YES;
				CLANG_WARN_CONSTANT_CONVERSION = YES;
				CLANG_WARN_DEPRECATED_OBJC_IMPLEMENTATIONS = YES;
				CLANG_WARN_DIRECT_OBJC_ISA_USAGE = YES_ERROR;
				CLANG_WARN_DOCUMENTATION_COMMENTS = YES;
				CLANG_WARN_EMPTY_BODY = YES;
				CLANG_WARN_ENUM_CONVERSION = YES;
				CLANG_WARN_INFINITE_RECURSION = YES;
				CLANG_WARN_INT_CONVERSION = YES;
				CLANG_WARN_NON_LITERAL_NULL_CONVERSION = YES;
				CLANG_WARN_OBJC_IMPLICIT_RETAIN_SELF = YES;
				CLANG_WARN_OBJC_LITERAL_CONVERSION = YES;
				CLANG_WARN_OBJC_ROOT_CLASS = YES_ERROR;
				CLANG_WARN_QUOTED_INCLUDE_IN_FRAMEWORK_HEADER = YES;
				CLANG_WARN_RANGE_LOOP_ANALYSIS = YES;
				CLANG_WARN_STRICT_PROTOTYPES = YES;
				CLANG_WARN_SUSPICIOUS_MOVE = YES;
				CLANG_WARN_UNGUARDED_AVAILABILITY = YES_AGGRESSIVE;
				CLANG_WARN_UNREACHABLE_CODE = YES;
				CLANG_WARN__DUPLICATE_METHOD_MATCH = YES;
				COPY_PHASE_STRIP = NO;
				DEBUG_INFORMATION_FORMAT = "dwarf-with-dsym";
				ENABLE_NS_ASSERTIONS = NO;
				ENABLE_STRICT_OBJC_MSGSEND = YES;
				ENABLE_USER_SCRIPT_SANDBOXING = YES;
				GCC_C_LANGUAGE_STANDARD = gnu17;
				GCC_NO_COMMON_BLOCKS = YES;
				GCC_WARN_64_TO_32_BIT_CONVERSION = YES;
				GCC_WARN_ABOUT_RETURN_TYPE = YES_ERROR;
				GCC_WARN_UNDECLARED_SELECTOR = YES;
				GCC_WARN_UNINITIALIZED_AUTOS = YES_AGGRESSIVE;
				GCC_WARN_UNUSED_FUNCTION = YES;
				GCC_WARN_UNUSED_VARIABLE = YES;
				IPHONEOS_DEPLOYMENT_TARGET = 15.0;
				LOCALIZATION_PREFERS_STRING_CATALOGS = YES;
				MTL_ENABLE_DEBUG_INFO = NO;
				MTL_FAST_MATH = YES;
				SDKROOT = iphoneos;
				STRING_CATALOG_GENERATE_SYMBOLS = YES;
				SWIFT_COMPILATION_MODE = wholemodule;
				VALIDATE_PRODUCT = YES;
			};
			name = Release;
		};
		1A2B3C4D5E6F78BF /* Debug */ = {
			isa = XCBuildConfiguration;
			buildSettings = {
				ASSETCATALOG_COMPILER_APPICON_NAME = AppIcon;
				ASSETCATALOG_COMPILER_GLOBAL_ACCENT_COLOR_NAME = AccentColor;
				CODE_SIGN_STYLE = Automatic;
				CURRENT_PROJECT_VERSION = 1;
				DEVELOPMENT_ASSET_PATHS = "\"CryBaby/Preview Content\"";
				ENABLE_PREVIEWS = YES;
				GENERATE_INFOPLIST_FILE = YES;
				INFOPLIST_FILE = CryBaby/Info.plist;
				INFOPLIST_KEY_NSMicrophoneUsageDescription = "This app needs access to the microphone to analyze baby cries and provide insights to help parents understand their baby's needs.";
				INFOPLIST_KEY_UIApplicationSceneManifest_Generation = YES;
				INFOPLIST_KEY_UIApplicationSupportsIndirectInputEvents = YES;
				INFOPLIST_KEY_UILaunchScreen_Generation = YES;
				INFOPLIST_KEY_UISupportedInterfaceOrientations_iPad = "UIInterfaceOrientationPortrait UIInterfaceOrientationPortraitUpsideDown UIInterfaceOrientationLandscapeLeft UIInterfaceOrientationLandscapeRight";
				INFOPLIST_KEY_UISupportedInterfaceOrientations_iPhone = "UIInterfaceOrientationPortrait UIInterfaceOrientationLandscapeLeft UIInterfaceOrientationLandscapeRight";
				LD_RUNPATH_SEARCH_PATHS = (
					"$(inherited)",
					"@executable_path/Frameworks",
				);
				MARKETING_VERSION = 1.0;
				PRODUCT_BUNDLE_IDENTIFIER = com.yourname.CryBaby;
				PRODUCT_NAME = "$(TARGET_NAME)";
				SWIFT_EMIT_LOC_STRINGS = YES;
				SWIFT_VERSION = 5.0;
				TARGETED_DEVICE_FAMILY = "1,2";
			};
			name = Debug;
		};
		1A2B3C4D5E6F78C0 /* Release */ = {
			isa = XCBuildConfiguration;
			buildSettings = {
				ASSETCATALOG_COMPILER_APPICON_NAME = AppIcon;
				ASSETCATALOG_COMPILER_GLOBAL_ACCENT_COLOR_NAME = AccentColor;
				CODE_SIGN_STYLE = Automatic;
				CURRENT_PROJECT_VERSION = 1;
				DEVELOPMENT_ASSET_PATHS = "\"CryBaby/Preview Content\"";
				ENABLE_PREVIEWS = YES;
				GENERATE_INFOPLIST_FILE = YES;
				INFOPLIST_FILE = CryBaby/Info.plist;
				INFOPLIST_KEY_NSMicrophoneUsageDescription = "This app needs access to the microphone to analyze baby cries and provide insights to help parents understand their baby's needs.";
				INFOPLIST_KEY_UIApplicationSceneManifest_Generation = YES;
				INFOPLIST_KEY_UIApplicationSupportsIndirectInputEvents = YES;
				INFOPLIST_KEY_UILaunchScreen_Generation = YES;
				INFOPLIST_KEY_UISupportedInterfaceOrientations_iPad = "UIInterfaceOrientationPortrait UIInterfaceOrientationPortraitUpsideDown UIInterfaceOrientationLandscapeLeft UIInterfaceOrientationLandscapeRight";
				INFOPLIST_KEY_UISupportedInterfaceOrientations_iPhone = "UIInterfaceOrientationPortrait UIInterfaceOrientationLandscapeLeft UIInterfaceOrientationLandscapeRight";
				LD_RUNPATH_SEARCH_PATHS = (
					"$(inherited)",
					"@executable_path/Frameworks",
				);
				MARKETING_VERSION = 1.0;
				PRODUCT_BUNDLE_IDENTIFIER = com.yourname.CryBaby;
				PRODUCT_NAME = "$(TARGET_NAME)";
				SWIFT_EMIT_LOC_STRINGS = YES;
				SWIFT_VERSION = 5.0;
				TARGETED_DEVICE_FAMILY = "1,2";
			};
			name = Release;
		};
/* End XCBuildConfiguration section */

/* Begin XCConfigurationList section */
		1A2B3C4D5E6F78B8 /* Build configuration list for PBXNativeTarget "CryBaby" */ = {
			isa = XCConfigurationList;
			buildConfigurations = (
				1A2B3C4D5E6F78BF /* Debug */,
				1A2B3C4D5E6F78C0 /* Release */,
			);
			defaultConfigurationIsVisible = 0;
			defaultConfigurationName = Release;
		};
		1A2B3C4D5E6F78BC /* Build configuration list for PBXProject "CryBaby" */ = {
			isa = XCConfigurationList;
			buildConfigurations = (
				1A2B3C4D5E6F78BD /* Debug */,
				1A2B3C4D5E6F78BE /* Release */,
			);
			defaultConfigurationIsVisible = 0;
			defaultConfigurationName = Release;
		};
/* End XCConfigurationList section */
	};
	rootObject = 1A2B3C4D5E6F78BB /* Project object */;
}
